DEPENDENCIES
  chef_hostname
  chef_rvm
  firewall
  git
  imagemagick
  locale
  monit
  nginx
  nodejs
  openssh
  postgresql
  sidekiq (~> 4.0.3)
  sudo
  users
  zsh

GRAPH
  apt (7.0.0)
  ark (3.1.0)
    build-essential (>= 0.0.0)
    seven_zip (>= 0.0.0)
    windows (>= 0.0.0)
  build-essential (8.1.1)
    mingw (>= 1.1)
    seven_zip (>= 0.0.0)
  chef-sugar (4.0.0)
  chef_gem (0.1.0)
  chef_hostname (1.0.1)
  chef_rvm (2.0.0)
    apt (>= 0.0.0)
    build-essential (>= 0.0.0)
    chef_gem (>= 0.0.0)
    curl (>= 0.0.0)
    homebrew (>= 0.0.0)
    java (>= 0.0.0)
    maven (>= 0.0.0)
    mono (>= 0.0.0)
    nodejs (>= 0.0.0)
    sudo (>= 0.0.0)
  compat_resource (12.19.1)
  curl (2.0.4)
  firewall (2.6.3)
    chef-sugar (>= 0.0.0)
  git (9.0.0)
    build-essential (>= 5.0.0)
  homebrew (5.0.4)
  imagemagick (0.2.3)
  iptables (4.3.4)
  java (1.50.0)
    apt (>= 0.0.0)
    homebrew (>= 0.0.0)
    windows (>= 0.0.0)
  locale (2.0.1)
  maven (5.1.0)
    ark (>= 1.0)
  mingw (2.0.2)
    seven_zip (>= 0.0.0)
  monit (1.0.0)
    poise (~> 2.0)
    poise-monit (~> 1.0)
  mono (0.1.2)
    apt (>= 0.0.0)
    build-essential (>= 0.0.0)
    git (>= 0.0.0)
    yum (>= 0.0.0)
  multipackage (3.0.30)
    compat_resource (>= 0.0.0)
  nginx (8.1.2)
    build-essential (>= 0.0.0)
    ohai (>= 4.1.0)
    yum-epel (>= 0.0.0)
    zypper (>= 0.0.0)
  nodejs (5.0.0)
    ark (>= 2.0.2)
    build-essential (>= 0.0.0)
  ohai (5.2.2)
  openssh (2.6.3)
    iptables (>= 1.0)
  openssl (8.1.2)
  poise (2.8.1)
  poise-archive (1.5.0)
    poise (~> 2.6)
  poise-languages (2.1.1)
    poise (~> 2.5)
    poise-archive (~> 1.0)
  poise-monit (1.6.0)
    poise (~> 2.6)
    poise-languages (~> 2.0)
    poise-service (~> 1.1)
  poise-service (1.5.2)
    poise (~> 2.0)
  postgresql (6.1.1)
    build-essential (>= 2.0.0)
    compat_resource (>= 12.16.3)
    openssl (>= 4.0)
  rbac (1.0.3)
  seven_zip (2.0.2)
    windows (>= 1.2.2)
  sidekiq (4.0.3)
    smf (>= 2.1.0)
  smf (2.2.8)
    rbac (>= 1.0.1)
  sudo (5.3.3)
  users (5.3.1)
  windows (4.1.4)
  yum (5.1.0)
  yum-epel (3.1.0)
  zsh (2.0.0)
    multipackage (~> 3.0)
  zypper (0.4.0)
